
Microsoft Visual Studio Solution File, Format Version 12.00
# Visual Studio Version 17
VisualStudioVersion = 17.10.35013.160
MinimumVisualStudioVersion = 10.0.40219.1
Project("{FAE04EC0-301F-11D3-BF4B-00C04F79EFBC}") = "MusicSoud", "MusicSoud\MusicSoud.csproj", "{96A646C3-C370-4E4A-9A43-F57D83161D54}"
EndProject
Global
	GlobalSection(SolutionConfigurationPlatforms) = preSolution
		Debug|Any CPU = Debug|Any CPU
		Release|Any CPU = Release|Any CPU
	EndGlobalSection
	GlobalSection(ProjectConfigurationPlatforms) = postSolution
		{96A646C3-C370-4E4A-9A43-F57D83161D54}.Debug|Any CPU.ActiveCfg = Debug|Any CPU
		{96A646C3-C370-4E4A-9A43-F57D83161D54}.Debug|Any CPU.Build.0 = Debug|Any CPU
		{96A646C3-C370-4E4A-9A43-F57D83161D54}.Release|Any CPU.ActiveCfg = Release|Any CPU
		{96A646C3-C370-4E4A-9A43-F57D83161D54}.Release|Any CPU.Build.0 = Release|Any CPU
	EndGlobalSection
	GlobalSection(SolutionProperties) = preSolution
		HideSolutionNode = FALSE
	EndGlobalSection
	GlobalSection(ExtensibilityGlobals) = postSolution
		SolutionGuid = {78F23EEF-4638-4C7F-A893-D32C596E51FB}
	EndGlobalSection
EndGlobal
